
Microsoft Visual Studio Solution File, Format Version 12.00
# Visual Studio Version 17
VisualStudioVersion = 17.11.35312.102
MinimumVisualStudioVersion = 10.0.40219.1
Project("{9A19103F-16F7-4668-BE54-9A1E7A4F7556}") = "SocialService", "SocialService\SocialService.csproj", "{D6F71E0D-0255-480A-A6BC-E52E5A8496AD}"
EndProject
Project("{9A19103F-16F7-4668-BE54-9A1E7A4F7556}") = "SocialService.Tests", "SocialService.Tests\SocialService.Tests.csproj", "{6EF1E68A-205A-425B-80F5-27B070173856}"
	ProjectSection(ProjectDependencies) = postProject
		{D6F71E0D-0255-480A-A6BC-E52E5A8496AD} = {D6F71E0D-0255-480A-A6BC-E52E5A8496AD}
	EndProjectSection
EndProject
Global
	GlobalSection(SolutionConfigurationPlatforms) = preSolution
		Debug|Any CPU = Debug|Any CPU
		Release|Any CPU = Release|Any CPU
	EndGlobalSection
	GlobalSection(ProjectConfigurationPlatforms) = postSolution
		{D6F71E0D-0255-480A-A6BC-E52E5A8496AD}.Debug|Any CPU.ActiveCfg = Debug|Any CPU
		{D6F71E0D-0255-480A-A6BC-E52E5A8496AD}.Debug|Any CPU.Build.0 = Debug|Any CPU
		{D6F71E0D-0255-480A-A6BC-E52E5A8496AD}.Release|Any CPU.ActiveCfg = Release|Any CPU
		{D6F71E0D-0255-480A-A6BC-E52E5A8496AD}.Release|Any CPU.Build.0 = Release|Any CPU
		{6EF1E68A-205A-425B-80F5-27B070173856}.Debug|Any CPU.ActiveCfg = Debug|Any CPU
		{6EF1E68A-205A-425B-80F5-27B070173856}.Debug|Any CPU.Build.0 = Debug|Any CPU
		{6EF1E68A-205A-425B-80F5-27B070173856}.Release|Any CPU.ActiveCfg = Release|Any CPU
		{6EF1E68A-205A-425B-80F5-27B070173856}.Release|Any CPU.Build.0 = Release|Any CPU
	EndGlobalSection
	GlobalSection(SolutionProperties) = preSolution
		HideSolutionNode = FALSE
	EndGlobalSection
	GlobalSection(ExtensibilityGlobals) = postSolution
		SolutionGuid = {3A785D18-69C7-4400-BC03-77D0374E05F3}
	EndGlobalSection
EndGlobal
